
Microsoft Visual Studio Solution File, Format Version 12.00
# Visual Studio Version 17
VisualStudioVersion = 17.5.002.0
MinimumVisualStudioVersion = 10.0.40219.1
Project("{9A19103F-16F7-4668-BE54-9A1E7A4F7556}") = "webforms3", "webforms3.csproj", "{B945EE8E-8A5E-44F5-880B-CF2C961DCDB9}"
EndProject
Global
	GlobalSection(SolutionConfigurationPlatforms) = preSolution
		Debug|Any CPU = Debug|Any CPU
		Release|Any CPU = Release|Any CPU
	EndGlobalSection
	GlobalSection(ProjectConfigurationPlatforms) = postSolution
		{B945EE8E-8A5E-44F5-880B-CF2C961DCDB9}.Debug|Any CPU.ActiveCfg = Debug|Any CPU
		{B945EE8E-8A5E-44F5-880B-CF2C961DCDB9}.Debug|Any CPU.Build.0 = Debug|Any CPU
		{B945EE8E-8A5E-44F5-880B-CF2C961DCDB9}.Release|Any CPU.ActiveCfg = Release|Any CPU
		{B945EE8E-8A5E-44F5-880B-CF2C961DCDB9}.Release|Any CPU.Build.0 = Release|Any CPU
	EndGlobalSection
	GlobalSection(SolutionProperties) = preSolution
		HideSolutionNode = FALSE
	EndGlobalSection
	GlobalSection(ExtensibilityGlobals) = postSolution
		SolutionGuid = {2A599383-DB14-4CD7-A1E9-9816C0A49B20}
	EndGlobalSection
EndGlobal
